
Microsoft Visual Studio Solution File, Format Version 12.00
# Visual Studio Version 17
VisualStudioVersion = 17.0.31903.59
MinimumVisualStudioVersion = 10.0.40219.1
Project("{9A19103F-16F7-4668-BE54-9A1E7A4F7556}") = "LabelZoom.MocaClient", "LabelZoom.MocaClient\LabelZoom.MocaClient.csproj", "{0E495419-F96C-4525-9EFB-761A03948124}"
EndProject
Project("{9A19103F-16F7-4668-BE54-9A1E7A4F7556}") = "LabelZoom.MocaClient.Tests", "LabelZoom.MocaClient.Tests\LabelZoom.MocaClient.Tests.csproj", "{3E1159D2-7BFF-4027-A5C9-130E728CC05B}"
	ProjectSection(ProjectDependencies) = postProject
		{0E495419-F96C-4525-9EFB-761A03948124} = {0E495419-F96C-4525-9EFB-761A03948124}
	EndProjectSection
EndProject
Global
	GlobalSection(SolutionConfigurationPlatforms) = preSolution
		Debug|Any CPU = Debug|Any CPU
		Release|Any CPU = Release|Any CPU
	EndGlobalSection
	GlobalSection(ProjectConfigurationPlatforms) = postSolution
		{0E495419-F96C-4525-9EFB-761A03948124}.Debug|Any CPU.ActiveCfg = Debug|Any CPU
		{0E495419-F96C-4525-9EFB-761A03948124}.Debug|Any CPU.Build.0 = Debug|Any CPU
		{0E495419-F96C-4525-9EFB-761A03948124}.Release|Any CPU.ActiveCfg = Release|Any CPU
		{0E495419-F96C-4525-9EFB-761A03948124}.Release|Any CPU.Build.0 = Release|Any CPU
		{3E1159D2-7BFF-4027-A5C9-130E728CC05B}.Debug|Any CPU.ActiveCfg = Debug|Any CPU
		{3E1159D2-7BFF-4027-A5C9-130E728CC05B}.Debug|Any CPU.Build.0 = Debug|Any CPU
		{3E1159D2-7BFF-4027-A5C9-130E728CC05B}.Release|Any CPU.ActiveCfg = Release|Any CPU
		{3E1159D2-7BFF-4027-A5C9-130E728CC05B}.Release|Any CPU.Build.0 = Release|Any CPU
	EndGlobalSection
	GlobalSection(SolutionProperties) = preSolution
		HideSolutionNode = FALSE
	EndGlobalSection
EndGlobal
